
Microsoft Visual Studio Solution File, Format Version 12.00
# Visual Studio 15
VisualStudioVersion = 15.0.28010.2048
MinimumVisualStudioVersion = 10.0.40219.1
Project("{FAE04EC0-301F-11D3-BF4B-00C04F79EFBC}") = "MonsterABC.Android", "MonsterABC\MonsterABC.Android\MonsterABC.Android.csproj", "{02F8BC34-69C7-4927-98E5-6A2E95BA083A}"
EndProject
Project("{FAE04EC0-301F-11D3-BF4B-00C04F79EFBC}") = "MonsterABC.iOS", "MonsterABC\MonsterABC.iOS\MonsterABC.iOS.csproj", "{9C827F6B-7DEF-4B16-9030-7468BDF911DA}"
EndProject
Project("{FAE04EC0-301F-11D3-BF4B-00C04F79EFBC}") = "MonsterABC.UWP", "MonsterABC\MonsterABC.UWP\MonsterABC.UWP.csproj", "{CB619BC1-F0C0-4944-91AB-F588B3C9BAD5}"
EndProject
Project("{FAE04EC0-301F-11D3-BF4B-00C04F79EFBC}") = "MonsterABC", "MonsterABC\MonsterABC\MonsterABC.csproj", "{22ED8441-947A-4CE5-80E4-A5533C786844}"
EndProject
Global
	GlobalSection(SolutionConfigurationPlatforms) = preSolution
		Debug|Any CPU = Debug|Any CPU
		Debug|ARM = Debug|ARM
		Debug|iPhone = Debug|iPhone
		Debug|iPhoneSimulator = Debug|iPhoneSimulator
		Debug|x64 = Debug|x64
		Debug|x86 = Debug|x86
		Release|Any CPU = Release|Any CPU
		Release|ARM = Release|ARM
		Release|iPhone = Release|iPhone
		Release|iPhoneSimulator = Release|iPhoneSimulator
		Release|x64 = Release|x64
		Release|x86 = Release|x86
	EndGlobalSection
	GlobalSection(ProjectConfigurationPlatforms) = postSolution
		{02F8BC34-69C7-4927-98E5-6A2E95BA083A}.Debug|Any CPU.ActiveCfg = Debug|Any CPU
		{02F8BC34-69C7-4927-98E5-6A2E95BA083A}.Debug|Any CPU.Build.0 = Debug|Any CPU
		{02F8BC34-69C7-4927-98E5-6A2E95BA083A}.Debug|Any CPU.Deploy.0 = Debug|Any CPU
		{02F8BC34-69C7-4927-98E5-6A2E95BA083A}.Debug|ARM.ActiveCfg = Debug|Any CPU
		{02F8BC34-69C7-4927-98E5-6A2E95BA083A}.Debug|ARM.Build.0 = Debug|Any CPU
		{02F8BC34-69C7-4927-98E5-6A2E95BA083A}.Debug|ARM.Deploy.0 = Debug|Any CPU
		{02F8BC34-69C7-4927-98E5-6A2E95BA083A}.Debug|iPhone.ActiveCfg = Debug|Any CPU
		{02F8BC34-69C7-4927-98E5-6A2E95BA083A}.Debug|iPhone.Build.0 = Debug|Any CPU
		{02F8BC34-69C7-4927-98E5-6A2E95BA083A}.Debug|iPhone.Deploy.0 = Debug|Any CPU
		{02F8BC34-69C7-4927-98E5-6A2E95BA083A}.Debug|iPhoneSimulator.ActiveCfg = Debug|Any CPU
		{02F8BC34-69C7-4927-98E5-6A2E95BA083A}.Debug|iPhoneSimulator.Build.0 = Debug|Any CPU
		{02F8BC34-69C7-4927-98E5-6A2E95BA083A}.Debug|iPhoneSimulator.Deploy.0 = Debug|Any CPU
		{02F8BC34-69C7-4927-98E5-6A2E95BA083A}.Debug|x64.ActiveCfg = Debug|Any CPU
		{02F8BC34-69C7-4927-98E5-6A2E95BA083A}.Debug|x64.Build.0 = Debug|Any CPU
		{02F8BC34-69C7-4927-98E5-6A2E95BA083A}.Debug|x64.Deploy.0 = Debug|Any CPU
		{02F8BC34-69C7-4927-98E5-6A2E95BA083A}.Debug|x86.ActiveCfg = Debug|Any CPU
		{02F8BC34-69C7-4927-98E5-6A2E95BA083A}.Debug|x86.Build.0 = Debug|Any CPU
		{02F8BC34-69C7-4927-98E5-6A2E95BA083A}.Debug|x86.Deploy.0 = Debug|Any CPU
		{02F8BC34-69C7-4927-98E5-6A2E95BA083A}.Release|Any CPU.ActiveCfg = Release|Any CPU
		{02F8BC34-69C7-4927-98E5-6A2E95BA083A}.Release|Any CPU.Build.0 = Release|Any CPU
		{02F8BC34-69C7-4927-98E5-6A2E95BA083A}.Release|Any CPU.Deploy.0 = Release|Any CPU
		{02F8BC34-69C7-4927-98E5-6A2E95BA083A}.Release|ARM.ActiveCfg = Release|Any CPU
		{02F8BC34-69C7-4927-98E5-6A2E95BA083A}.Release|ARM.Build.0 = Release|Any CPU
		{02F8BC34-69C7-4927-98E5-6A2E95BA083A}.Release|ARM.Deploy.0 = Release|Any CPU
		{02F8BC34-69C7-4927-98E5-6A2E95BA083A}.Release|iPhone.ActiveCfg = Release|Any CPU
		{02F8BC34-69C7-4927-98E5-6A2E95BA083A}.Release|iPhone.Build.0 = Release|Any CPU
		{02F8BC34-69C7-4927-98E5-6A2E95BA083A}.Release|iPhone.Deploy.0 = Release|Any CPU
		{02F8BC34-69C7-4927-98E5-6A2E95BA083A}.Release|iPhoneSimulator.ActiveCfg = Release|Any CPU
		{02F8BC34-69C7-4927-98E5-6A2E95BA083A}.Release|iPhoneSimulator.Build.0 = Release|Any CPU
		{02F8BC34-69C7-4927-98E5-6A2E95BA083A}.Release|iPhoneSimulator.Deploy.0 = Release|Any CPU
		{02F8BC34-69C7-4927-98E5-6A2E95BA083A}.Release|x64.ActiveCfg = Release|Any CPU
		{02F8BC34-69C7-4927-98E5-6A2E95BA083A}.Release|x64.Build.0 = Release|Any CPU
		{02F8BC34-69C7-4927-98E5-6A2E95BA083A}.Release|x64.Deploy.0 = Release|Any CPU
		{02F8BC34-69C7-4927-98E5-6A2E95BA083A}.Release|x86.ActiveCfg = Release|Any CPU
		{02F8BC34-69C7-4927-98E5-6A2E95BA083A}.Release|x86.Build.0 = Release|Any CPU
		{02F8BC34-69C7-4927-98E5-6A2E95BA083A}.Release|x86.Deploy.0 = Release|Any CPU
		{9C827F6B-7DEF-4B16-9030-7468BDF911DA}.Debug|Any CPU.ActiveCfg = Debug|iPhoneSimulator
		{9C827F6B-7DEF-4B16-9030-7468BDF911DA}.Debug|Any CPU.Build.0 = Debug|iPhoneSimulator
		{9C827F6B-7DEF-4B16-9030-7468BDF911DA}.Debug|Any CPU.Deploy.0 = Debug|iPhoneSimulator
		{9C827F6B-7DEF-4B16-9030-7468BDF911DA}.Debug|ARM.ActiveCfg = Debug|iPhone
		{9C827F6B-7DEF-4B16-9030-7468BDF911DA}.Debug|ARM.Build.0 = Debug|iPhone
		{9C827F6B-7DEF-4B16-9030-7468BDF911DA}.Debug|ARM.Deploy.0 = Debug|iPhone
		{9C827F6B-7DEF-4B16-9030-7468BDF911DA}.Debug|iPhone.ActiveCfg = Debug|iPhone
		{9C827F6B-7DEF-4B16-9030-7468BDF911DA}.Debug|iPhone.Build.0 = Debug|iPhone
		{9C827F6B-7DEF-4B16-9030-7468BDF911DA}.Debug|iPhone.Deploy.0 = Debug|iPhone
		{9C827F6B-7DEF-4B16-9030-7468BDF911DA}.Debug|iPhoneSimulator.ActiveCfg = Debug|iPhoneSimulator
		{9C827F6B-7DEF-4B16-9030-7468BDF911DA}.Debug|iPhoneSimulator.Build.0 = Debug|iPhoneSimulator
		{9C827F6B-7DEF-4B16-9030-7468BDF911DA}.Debug|iPhoneSimulator.Deploy.0 = Debug|iPhoneSimulator
		{9C827F6B-7DEF-4B16-9030-7468BDF911DA}.Debug|x64.ActiveCfg = Debug|iPhone
		{9C827F6B-7DEF-4B16-9030-7468BDF911DA}.Debug|x64.Build.0 = Debug|iPhone
		{9C827F6B-7DEF-4B16-9030-7468BDF911DA}.Debug|x64.Deploy.0 = Debug|iPhone
		{9C827F6B-7DEF-4B16-9030-7468BDF911DA}.Debug|x86.ActiveCfg = Debug|iPhone
		{9C827F6B-7DEF-4B16-9030-7468BDF911DA}.Debug|x86.Build.0 = Debug|iPhone
		{9C827F6B-7DEF-4B16-9030-7468BDF911DA}.Debug|x86.Deploy.0 = Debug|iPhone
		{9C827F6B-7DEF-4B16-9030-7468BDF911DA}.Release|Any CPU.ActiveCfg = Release|iPhone
		{9C827F6B-7DEF-4B16-9030-7468BDF911DA}.Release|Any CPU.Build.0 = Release|iPhone
		{9C827F6B-7DEF-4B16-9030-7468BDF911DA}.Release|Any CPU.Deploy.0 = Release|iPhone
		{9C827F6B-7DEF-4B16-9030-7468BDF911DA}.Release|ARM.ActiveCfg = Release|iPhone
		{9C827F6B-7DEF-4B16-9030-7468BDF911DA}.Release|ARM.Build.0 = Release|iPhone
		{9C827F6B-7DEF-4B16-9030-7468BDF911DA}.Release|ARM.Deploy.0 = Release|iPhone
		{9C827F6B-7DEF-4B16-9030-7468BDF911DA}.Release|iPhone.ActiveCfg = Release|iPhone
		{9C827F6B-7DEF-4B16-9030-7468BDF911DA}.Release|iPhone.Build.0 = Release|iPhone
		{9C827F6B-7DEF-4B16-9030-7468BDF911DA}.Release|iPhone.Deploy.0 = Release|iPhone
		{9C827F6B-7DEF-4B16-9030-7468BDF911DA}.Release|iPhoneSimulator.ActiveCfg = Release|iPhoneSimulator
		{9C827F6B-7DEF-4B16-9030-7468BDF911DA}.Release|iPhoneSimulator.Build.0 = Release|iPhoneSimulator
		{9C827F6B-7DEF-4B16-9030-7468BDF911DA}.Release|iPhoneSimulator.Deploy.0 = Release|iPhoneSimulator
		{9C827F6B-7DEF-4B16-9030-7468BDF911DA}.Release|x64.ActiveCfg = Release|iPhone
		{9C827F6B-7DEF-4B16-9030-7468BDF911DA}.Release|x64.Build.0 = Release|iPhone
		{9C827F6B-7DEF-4B16-9030-7468BDF911DA}.Release|x64.Deploy.0 = Release|iPhone
		{9C827F6B-7DEF-4B16-9030-7468BDF911DA}.Release|x86.ActiveCfg = Release|iPhone
		{9C827F6B-7DEF-4B16-9030-7468BDF911DA}.Release|x86.Build.0 = Release|iPhone
		{9C827F6B-7DEF-4B16-9030-7468BDF911DA}.Release|x86.Deploy.0 = Release|iPhone
		{CB619BC1-F0C0-4944-91AB-F588B3C9BAD5}.Debug|Any CPU.ActiveCfg = Debug|x86
		{CB619BC1-F0C0-4944-91AB-F588B3C9BAD5}.Debug|Any CPU.Build.0 = Debug|x86
		{CB619BC1-F0C0-4944-91AB-F588B3C9BAD5}.Debug|Any CPU.Deploy.0 = Debug|x86
		{CB619BC1-F0C0-4944-91AB-F588B3C9BAD5}.Debug|ARM.ActiveCfg = Debug|ARM
		{CB619BC1-F0C0-4944-91AB-F588B3C9BAD5}.Debug|ARM.Build.0 = Debug|ARM
		{CB619BC1-F0C0-4944-91AB-F588B3C9BAD5}.Debug|ARM.Deploy.0 = Debug|ARM
		{CB619BC1-F0C0-4944-91AB-F588B3C9BAD5}.Debug|iPhone.ActiveCfg = Debug|x86
		{CB619BC1-F0C0-4944-91AB-F588B3C9BAD5}.Debug|iPhone.Build.0 = Debug|x86
		{CB619BC1-F0C0-4944-91AB-F588B3C9BAD5}.Debug|iPhone.Deploy.0 = Debug|x86
		{CB619BC1-F0C0-4944-91AB-F588B3C9BAD5}.Debug|iPhoneSimulator.ActiveCfg = Debug|x86
		{CB619BC1-F0C0-4944-91AB-F588B3C9BAD5}.Debug|iPhoneSimulator.Build.0 = Debug|x86
		{CB619BC1-F0C0-4944-91AB-F588B3C9BAD5}.Debug|iPhoneSimulator.Deploy.0 = Debug|x86
		{CB619BC1-F0C0-4944-91AB-F588B3C9BAD5}.Debug|x64.ActiveCfg = Debug|x64
		{CB619BC1-F0C0-4944-91AB-F588B3C9BAD5}.Debug|x64.Build.0 = Debug|x64
		{CB619BC1-F0C0-4944-91AB-F588B3C9BAD5}.Debug|x64.Deploy.0 = Debug|x64
		{CB619BC1-F0C0-4944-91AB-F588B3C9BAD5}.Debug|x86.ActiveCfg = Debug|x86
		{CB619BC1-F0C0-4944-91AB-F588B3C9BAD5}.Debug|x86.Build.0 = Debug|x86
		{CB619BC1-F0C0-4944-91AB-F588B3C9BAD5}.Debug|x86.Deploy.0 = Debug|x86
		{CB619BC1-F0C0-4944-91AB-F588B3C9BAD5}.Release|Any CPU.ActiveCfg = Release|x86
		{CB619BC1-F0C0-4944-91AB-F588B3C9BAD5}.Release|Any CPU.Build.0 = Release|x86
		{CB619BC1-F0C0-4944-91AB-F588B3C9BAD5}.Release|Any CPU.Deploy.0 = Release|x86
		{CB619BC1-F0C0-4944-91AB-F588B3C9BAD5}.Release|ARM.ActiveCfg = Release|ARM
		{CB619BC1-F0C0-4944-91AB-F588B3C9BAD5}.Release|ARM.Build.0 = Release|ARM
		{CB619BC1-F0C0-4944-91AB-F588B3C9BAD5}.Release|ARM.Deploy.0 = Release|ARM
		{CB619BC1-F0C0-4944-91AB-F588B3C9BAD5}.Release|iPhone.ActiveCfg = Release|x86
		{CB619BC1-F0C0-4944-91AB-F588B3C9BAD5}.Release|iPhone.Build.0 = Release|x86
		{CB619BC1-F0C0-4944-91AB-F588B3C9BAD5}.Release|iPhone.Deploy.0 = Release|x86
		{CB619BC1-F0C0-4944-91AB-F588B3C9BAD5}.Release|iPhoneSimulator.ActiveCfg = Release|x86
		{CB619BC1-F0C0-4944-91AB-F588B3C9BAD5}.Release|iPhoneSimulator.Build.0 = Release|x86
		{CB619BC1-F0C0-4944-91AB-F588B3C9BAD5}.Release|iPhoneSimulator.Deploy.0 = Release|x86
		{CB619BC1-F0C0-4944-91AB-F588B3C9BAD5}.Release|x64.ActiveCfg = Release|x64
		{CB619BC1-F0C0-4944-91AB-F588B3C9BAD5}.Release|x64.Build.0 = Release|x64
		{CB619BC1-F0C0-4944-91AB-F588B3C9BAD5}.Release|x64.Deploy.0 = Release|x64
		{CB619BC1-F0C0-4944-91AB-F588B3C9BAD5}.Release|x86.ActiveCfg = Release|x86
		{CB619BC1-F0C0-4944-91AB-F588B3C9BAD5}.Release|x86.Build.0 = Release|x86
		{CB619BC1-F0C0-4944-91AB-F588B3C9BAD5}.Release|x86.Deploy.0 = Release|x86
		{22ED8441-947A-4CE5-80E4-A5533C786844}.Debug|Any CPU.ActiveCfg = Debug|Any CPU
		{22ED8441-947A-4CE5-80E4-A5533C786844}.Debug|Any CPU.Build.0 = Debug|Any CPU
		{22ED8441-947A-4CE5-80E4-A5533C786844}.Debug|Any CPU.Deploy.0 = Debug|Any CPU
		{22ED8441-947A-4CE5-80E4-A5533C786844}.Debug|ARM.ActiveCfg = Debug|Any CPU
		{22ED8441-947A-4CE5-80E4-A5533C786844}.Debug|ARM.Build.0 = Debug|Any CPU
		{22ED8441-947A-4CE5-80E4-A5533C786844}.Debug|ARM.Deploy.0 = Debug|Any CPU
		{22ED8441-947A-4CE5-80E4-A5533C786844}.Debug|iPhone.ActiveCfg = Debug|Any CPU
		{22ED8441-947A-4CE5-80E4-A5533C786844}.Debug|iPhone.Build.0 = Debug|Any CPU
		{22ED8441-947A-4CE5-80E4-A5533C786844}.Debug|iPhone.Deploy.0 = Debug|Any CPU
		{22ED8441-947A-4CE5-80E4-A5533C786844}.Debug|iPhoneSimulator.ActiveCfg = Debug|Any CPU
		{22ED8441-947A-4CE5-80E4-A5533C786844}.Debug|iPhoneSimulator.Build.0 = Debug|Any CPU
		{22ED8441-947A-4CE5-80E4-A5533C786844}.Debug|iPhoneSimulator.Deploy.0 = Debug|Any CPU
		{22ED8441-947A-4CE5-80E4-A5533C786844}.Debug|x64.ActiveCfg = Debug|Any CPU
		{22ED8441-947A-4CE5-80E4-A5533C786844}.Debug|x64.Build.0 = Debug|Any CPU
		{22ED8441-947A-4CE5-80E4-A5533C786844}.Debug|x64.Deploy.0 = Debug|Any CPU
		{22ED8441-947A-4CE5-80E4-A5533C786844}.Debug|x86.ActiveCfg = Debug|Any CPU
		{22ED8441-947A-4CE5-80E4-A5533C786844}.Debug|x86.Build.0 = Debug|Any CPU
		{22ED8441-947A-4CE5-80E4-A5533C786844}.Debug|x86.Deploy.0 = Debug|Any CPU
		{22ED8441-947A-4CE5-80E4-A5533C786844}.Release|Any CPU.ActiveCfg = Release|Any CPU
		{22ED8441-947A-4CE5-80E4-A5533C786844}.Release|Any CPU.Build.0 = Release|Any CPU
		{22ED8441-947A-4CE5-80E4-A5533C786844}.Release|Any CPU.Deploy.0 = Release|Any CPU
		{22ED8441-947A-4CE5-80E4-A5533C786844}.Release|ARM.ActiveCfg = Release|Any CPU
		{22ED8441-947A-4CE5-80E4-A5533C786844}.Release|ARM.Build.0 = Release|Any CPU
		{22ED8441-947A-4CE5-80E4-A5533C786844}.Release|ARM.Deploy.0 = Release|Any CPU
		{22ED8441-947A-4CE5-80E4-A5533C786844}.Release|iPhone.ActiveCfg = Release|Any CPU
		{22ED8441-947A-4CE5-80E4-A5533C786844}.Release|iPhone.Build.0 = Release|Any CPU
		{22ED8441-947A-4CE5-80E4-A5533C786844}.Release|iPhone.Deploy.0 = Release|Any CPU
		{22ED8441-947A-4CE5-80E4-A5533C786844}.Release|iPhoneSimulator.ActiveCfg = Release|Any CPU
		{22ED8441-947A-4CE5-80E4-A5533C786844}.Release|iPhoneSimulator.Build.0 = Release|Any CPU
		{22ED8441-947A-4CE5-80E4-A5533C786844}.Release|iPhoneSimulator.Deploy.0 = Release|Any CPU
		{22ED8441-947A-4CE5-80E4-A5533C786844}.Release|x64.ActiveCfg = Release|Any CPU
		{22ED8441-947A-4CE5-80E4-A5533C786844}.Release|x64.Build.0 = Release|Any CPU
		{22ED8441-947A-4CE5-80E4-A5533C786844}.Release|x64.Deploy.0 = Release|Any CPU
		{22ED8441-947A-4CE5-80E4-A5533C786844}.Release|x86.ActiveCfg = Release|Any CPU
		{22ED8441-947A-4CE5-80E4-A5533C786844}.Release|x86.Build.0 = Release|Any CPU
		{22ED8441-947A-4CE5-80E4-A5533C786844}.Release|x86.Deploy.0 = Release|Any CPU
	EndGlobalSection
	GlobalSection(SolutionProperties) = preSolution
		HideSolutionNode = FALSE
	EndGlobalSection
	GlobalSection(ExtensibilityGlobals) = postSolution
		SolutionGuid = {9784DAAB-1E80-4725-B28A-E4A85E1ED6F4}
	EndGlobalSection
EndGlobal
